schema: '2.0'
stages:
  run_model:
    cmd: python scripts/run_model_pipe_A.py
    deps:
    - path: ../../src/
      md5: 8efe96175273fd6197be78d57e890ccf.dir
      size: 171635
      nfiles: 21
    - path: /home/tim/Workspaces/proteolizard-algorithm/python/
      md5: 35df3aeb4a7f76f43c0008a5181bf3dd.dir
      size: 361127
      nfiles: 19
    - path: /home/tim/Workspaces/proteolizard-data/python/
      md5: 7b673cd05765ec8c854e48685a36427b.dir
      size: 778912
      nfiles: 10
    - path: scripts/run_model_pipe_A.py
      md5: 2ca60a2adf3341081f3517cf652f12b7
      size: 6319
    params:
      params.yaml:
        run_model.data_path: /home/tim/Workspaces/MassSpecDaten/M210115_001_Slot1-1_1_850.d
        run_model.feature_ids:
        - 2015
        - 329
        - 2300
        - 3022
        - 200
        - 6543
        - 4289
        - 7089
        - 10021
        - 1072
        run_model.model_name: M1
        run_model.model_parameters:
          mz_s_scale: 0.1
        run_model.random_seed: 2022
        run_model.save_traces: false
    outs:
    - path: output_data/inference_data
      md5: d751713988987e9331980363e24189ce.dir
      size: 0
      nfiles: 0
    - path: output_data/metrics/metadata.json
      md5: a502a4af9c501fbb2828cb4596efc472
      size: 779
    - path: output_data/metrics/metrics.json
      md5: e24df3cb52042fae1451d5f330a413cb
      size: 933
    - path: output_data/plot_metrics/divergencies.json
      md5: 03c60c9e6004145cf47c9c88fbbedd2d
      size: 875
    - path: output_data/plot_metrics/loo.json
      md5: 9a3f80c17530b3184611a1fc642ae3e3
      size: 1658
    - path: output_data/plot_metrics/metrics_plot_dict.json
      md5: 90956e6e14f817ea38f8d7b83e1110b1
      size: 8305470
    - path: output_data/plot_metrics/sampling_times.json
      md5: b31a83134ecd6978af8969c56922826e
      size: 1044
    - path: output_data/plotly
      md5: 7851d5f582c9536359fe86ad1e5b2ffc.dir
      size: 282817448
      nfiles: 40
    - path: output_data/plots
      md5: 140bb86710721ea245a2f20ab90d8f2c.dir
      size: 11647328
      nfiles: 60
