schema: '2.0'
stages:
  run_model:
    cmd: python scripts/run_model_pipe_A.py
    deps:
    - path: ../../src/
      md5: 3bbe4dfabfc4aa1592d696f09c917037.dir
      size: 167726
      nfiles: 19
    - path: /home/tim/Workspaces/proteolizard-algorithm/python/
      md5: 35df3aeb4a7f76f43c0008a5181bf3dd.dir
      size: 361127
      nfiles: 19
    - path: /home/tim/Workspaces/proteolizard-data/python/
      md5: 7b673cd05765ec8c854e48685a36427b.dir
      size: 778912
      nfiles: 10
    - path: scripts/run_model_pipe_A.py
      md5: 447d11e1ba6ad63beb912ef6ceeb2507
      size: 4291
    params:
      params.yaml:
        run_model.data_path: /home/tim/Workspaces/MassSpecDaten/M210115_001_Slot1-1_1_850.d
        run_model.feature_ids:
        - 2015
        - 329
        - 2300
        - 3022
        - 200
        - 6543
        - 4289
        - 7089
        - 10021
        - 1072
        run_model.model_name: M1
        run_model.model_parameters:
          mz_s_scale: 0.1
        run_model.random_seed: 2022
        run_model.save_traces: false
    outs:
    - path: output_data/inference_data
      md5: d751713988987e9331980363e24189ce.dir
      size: 0
      nfiles: 0
    - path: output_data/metrics/metrics.json
      md5: 0d6cfe345e6daa42b3a806a019f152c3
      size: 931
    - path: output_data/plot_metrics/divergencies.json
      md5: 13225c29a64c4d0e9318b13ee3b08b61
      size: 875
    - path: output_data/plot_metrics/metrics_plot_dict.json
      md5: 57fc5dabc2a54122a613f44875ffa8a9
      size: 8311772
    - path: output_data/plot_metrics/sampling_times.json
      md5: 5182993114223d03ee748c3b0e1f6418
      size: 1045
    - path: output_data/plotly
      md5: 76063cd570a3cfb7e3c51f4b66e56b85.dir
      size: 282795207
      nfiles: 40
    - path: output_data/plots
      md5: 09ec95083a186cc88e5d84ab950ee2f6.dir
      size: 10661898
      nfiles: 50
